
Microsoft Visual Studio Solution File, Format Version 12.00
# Visual Studio Version 17
VisualStudioVersion = 17.3.32819.101
MinimumVisualStudioVersion = 10.0.40219.1
Project("{FAE04EC0-301F-11D3-BF4B-00C04F79EFBC}") = "Module11.UtilityBot", "Module11.UtilityBot\Module11.UtilityBot.csproj", "{F01DE803-D7E2-43BE-9532-555656E3FDF7}"
EndProject
Global
	GlobalSection(SolutionConfigurationPlatforms) = preSolution
		Debug|Any CPU = Debug|Any CPU
		Release|Any CPU = Release|Any CPU
	EndGlobalSection
	GlobalSection(ProjectConfigurationPlatforms) = postSolution
		{F01DE803-D7E2-43BE-9532-555656E3FDF7}.Debug|Any CPU.ActiveCfg = Debug|Any CPU
		{F01DE803-D7E2-43BE-9532-555656E3FDF7}.Debug|Any CPU.Build.0 = Debug|Any CPU
		{F01DE803-D7E2-43BE-9532-555656E3FDF7}.Release|Any CPU.ActiveCfg = Release|Any CPU
		{F01DE803-D7E2-43BE-9532-555656E3FDF7}.Release|Any CPU.Build.0 = Release|Any CPU
	EndGlobalSection
	GlobalSection(SolutionProperties) = preSolution
		HideSolutionNode = FALSE
	EndGlobalSection
	GlobalSection(ExtensibilityGlobals) = postSolution
		SolutionGuid = {1D9C49C6-BEF9-480B-B9C5-0B3E5C93635D}
	EndGlobalSection
EndGlobal
